
Microsoft Visual Studio Solution File, Format Version 12.00
# Visual Studio Version 16
VisualStudioVersion = 16.0.30717.126
MinimumVisualStudioVersion = 10.0.40219.1
Project("{FAE04EC0-301F-11D3-BF4B-00C04F79EFBC}") = "FizzBuzzKata", "FizzBuzzKata\FizzBuzzKata.csproj", "{72389005-EC84-4CC7-94C3-CADC61CCE2E7}"
EndProject
Project("{FAE04EC0-301F-11D3-BF4B-00C04F79EFBC}") = "FizzBuzzKata.XUnit.Tests", "FizzBuzzKata.XUnit.Tests\FizzBuzzKata.XUnit.Tests.csproj", "{7B0DB95C-0845-4071-AE8E-771EBF8DFA97}"
EndProject
Global
	GlobalSection(SolutionConfigurationPlatforms) = preSolution
		Debug|Any CPU = Debug|Any CPU
		Release|Any CPU = Release|Any CPU
	EndGlobalSection
	GlobalSection(ProjectConfigurationPlatforms) = postSolution
		{72389005-EC84-4CC7-94C3-CADC61CCE2E7}.Debug|Any CPU.ActiveCfg = Debug|Any CPU
		{72389005-EC84-4CC7-94C3-CADC61CCE2E7}.Debug|Any CPU.Build.0 = Debug|Any CPU
		{72389005-EC84-4CC7-94C3-CADC61CCE2E7}.Release|Any CPU.ActiveCfg = Release|Any CPU
		{72389005-EC84-4CC7-94C3-CADC61CCE2E7}.Release|Any CPU.Build.0 = Release|Any CPU
		{7B0DB95C-0845-4071-AE8E-771EBF8DFA97}.Debug|Any CPU.ActiveCfg = Debug|Any CPU
		{7B0DB95C-0845-4071-AE8E-771EBF8DFA97}.Debug|Any CPU.Build.0 = Debug|Any CPU
		{7B0DB95C-0845-4071-AE8E-771EBF8DFA97}.Release|Any CPU.ActiveCfg = Release|Any CPU
		{7B0DB95C-0845-4071-AE8E-771EBF8DFA97}.Release|Any CPU.Build.0 = Release|Any CPU
	EndGlobalSection
	GlobalSection(SolutionProperties) = preSolution
		HideSolutionNode = FALSE
	EndGlobalSection
	GlobalSection(ExtensibilityGlobals) = postSolution
		SolutionGuid = {3C960752-CA04-4A6B-936A-6CC840625D04}
	EndGlobalSection
EndGlobal
